{
  "name": "mmcif-parser",
  "version": "1.4.0",
  "lockfileVersion": 2,
  "requires": true,
  "packages": {
    "": {
      "name": "mmcif-parser",
      "version": "1.4.0",
      "license": "ISC",
      "dependencies": {
        "vector-math": "^1.0.0"
      }
    },
    "node_modules/vector-math": {
      "version": "1.0.0",
      "resolved": "https://registry.npmjs.org/vector-math/-/vector-math-1.0.0.tgz",
      "integrity": "sha512-bWuilImQ5zmGgAyk8gvtA6hFln/EWpTfS0hFqauqec1GlCj2Qk38ySbpwSvUwy7O7BvbCsguEZSaRwSFu6iYvg=="
    }
  },
  "dependencies": {
    "vector-math": {
      "version": "1.0.0",
      "resolved": "https://registry.npmjs.org/vector-math/-/vector-math-1.0.0.tgz",
      "integrity": "sha512-bWuilImQ5zmGgAyk8gvtA6hFln/EWpTfS0hFqauqec1GlCj2Qk38ySbpwSvUwy7O7BvbCsguEZSaRwSFu6iYvg=="
    }
  }
}
